// !$*UTF8*$!
{
	archiveVersion = 1;
	classes = {
	};
	objectVersion = 56;
	objects = {

/* Begin PBXBuildFile section */
		78B820F329E22CEE00D3A6EE /* AppDelegate.swift in Sources */ = {isa = PBXBuildFile; fileRef = 78B820F229E22CEE00D3A6EE /* AppDelegate.swift */; };
		78B820F529E22CEE00D3A6EE /* SceneDelegate.swift in Sources */ = {isa = PBXBuildFile; fileRef = 78B820F429E22CEE00D3A6EE /* SceneDelegate.swift */; };
		78B820F729E22CEE00D3A6EE /* ViewController.swift in Sources */ = {isa = PBXBuildFile; fileRef = 78B820F629E22CEE00D3A6EE /* ViewController.swift */; };
		78B820FA29E22CEE00D3A6EE /* Main.storyboard in Resources */ = {isa = PBXBuildFile; fileRef = 78B820F829E22CEE00D3A6EE /* Main.storyboard */; };
		78B820FC29E22CEF00D3A6EE /* Assets.xcassets in Resources */ = {isa = PBXBuildFile; fileRef = 78B820FB29E22CEF00D3A6EE /* Assets.xcassets */; };
		78B820FF29E22CEF00D3A6EE /* LaunchScreen.storyboard in Resources */ = {isa = PBXBuildFile; fileRef = 78B820FD29E22CEF00D3A6EE /* LaunchScreen.storyboard */; };
		78B8212329E22D1000D3A6EE /* FadedInViewController.swift in Sources */ = {isa = PBXBuildFile; fileRef = 78B8212229E22D1000D3A6EE /* FadedInViewController.swift */; };
		78B8212529E22D3200D3A6EE /* FadedInView.swift in Sources */ = {isa = PBXBuildFile; fileRef = 78B8212429E22D3200D3A6EE /* FadedInView.swift */; };
		78B8212D29E2713A00D3A6EE /* FadeInDemoApp.swift in Sources */ = {isa = PBXBuildFile; fileRef = 78B8212C29E2713A00D3A6EE /* FadeInDemoApp.swift */; };
		78B8212F29E2713A00D3A6EE /* ContentView.swift in Sources */ = {isa = PBXBuildFile; fileRef = 78B8212E29E2713A00D3A6EE /* ContentView.swift */; };
		78B8213129E2713B00D3A6EE /* Assets.xcassets in Resources */ = {isa = PBXBuildFile; fileRef = 78B8213029E2713B00D3A6EE /* Assets.xcassets */; };
		78B8213429E2713B00D3A6EE /* Preview Assets.xcassets in Resources */ = {isa = PBXBuildFile; fileRef = 78B8213329E2713B00D3A6EE /* Preview Assets.xcassets */; };
		78B8215529E2720200D3A6EE /* ModalView.swift in Sources */ = {isa = PBXBuildFile; fileRef = 78B8215429E2720200D3A6EE /* ModalView.swift */; };
/* End PBXBuildFile section */

/* Begin PBXFileReference section */
		78B820EF29E22CEE00D3A6EE /* FadeInSample.app */ = {isa = PBXFileReference; explicitFileType = wrapper.application; includeInIndex = 0; path = FadeInSample.app; sourceTree = BUILT_PRODUCTS_DIR; };
		78B820F229E22CEE00D3A6EE /* AppDelegate.swift */ = {isa = PBXFileReference; lastKnownFileType = sourcecode.swift; path = AppDelegate.swift; sourceTree = "<group>"; };
		78B820F429E22CEE00D3A6EE /* SceneDelegate.swift */ = {isa = PBXFileReference; lastKnownFileType = sourcecode.swift; path = SceneDelegate.swift; sourceTree = "<group>"; };
		78B820F629E22CEE00D3A6EE /* ViewController.swift */ = {isa = PBXFileReference; lastKnownFileType = sourcecode.swift; path = ViewController.swift; sourceTree = "<group>"; };
		78B820F929E22CEE00D3A6EE /* Base */ = {isa = PBXFileReference; lastKnownFileType = file.storyboard; name = Base; path = Base.lproj/Main.storyboard; sourceTree = "<group>"; };
		78B820FB29E22CEF00D3A6EE /* Assets.xcassets */ = {isa = PBXFileReference; lastKnownFileType = folder.assetcatalog; path = Assets.xcassets; sourceTree = "<group>"; };
		78B820FE29E22CEF00D3A6EE /* Base */ = {isa = PBXFileReference; lastKnownFileType = file.storyboard; name = Base; path = Base.lproj/LaunchScreen.storyboard; sourceTree = "<group>"; };
		78B8210029E22CEF00D3A6EE /* Info.plist */ = {isa = PBXFileReference; lastKnownFileType = text.plist.xml; path = Info.plist; sourceTree = "<group>"; };
		78B8212229E22D1000D3A6EE /* FadedInViewController.swift */ = {isa = PBXFileReference; lastKnownFileType = sourcecode.swift; path = FadedInViewController.swift; sourceTree = "<group>"; };
		78B8212429E22D3200D3A6EE /* FadedInView.swift */ = {isa = PBXFileReference; lastKnownFileType = sourcecode.swift; path = FadedInView.swift; sourceTree = "<group>"; };
		78B8212A29E2713A00D3A6EE /* FadeInSwiftUI.app */ = {isa = PBXFileReference; explicitFileType = wrapper.application; includeInIndex = 0; path = FadeInSwiftUI.app; sourceTree = BUILT_PRODUCTS_DIR; };
		78B8212C29E2713A00D3A6EE /* FadeInDemoApp.swift */ = {isa = PBXFileReference; lastKnownFileType = sourcecode.swift; path = FadeInDemoApp.swift; sourceTree = "<group>"; };
		78B8212E29E2713A00D3A6EE /* ContentView.swift */ = {isa = PBXFileReference; lastKnownFileType = sourcecode.swift; path = ContentView.swift; sourceTree = "<group>"; };
		78B8213029E2713B00D3A6EE /* Assets.xcassets */ = {isa = PBXFileReference; lastKnownFileType = folder.assetcatalog; path = Assets.xcassets; sourceTree = "<group>"; };
		78B8213329E2713B00D3A6EE /* Preview Assets.xcassets */ = {isa = PBXFileReference; lastKnownFileType = folder.assetcatalog; path = "Preview Assets.xcassets"; sourceTree = "<group>"; };
		78B8215429E2720200D3A6EE /* ModalView.swift */ = {isa = PBXFileReference; lastKnownFileType = sourcecode.swift; path = ModalView.swift; sourceTree = "<group>"; };
/* End PBXFileReference section */

/* Begin PBXFrameworksBuildPhase section */
		78B820EC29E22CEE00D3A6EE /* Frameworks */ = {
			isa = PBXFrameworksBuildPhase;
			buildActionMask = 2147483647;
			files = (
			);
			runOnlyForDeploymentPostprocessing = 0;
		};
		78B8212729E2713A00D3A6EE /* Frameworks */ = {
			isa = PBXFrameworksBuildPhase;
			buildActionMask = 2147483647;
			files = (
			);
			runOnlyForDeploymentPostprocessing = 0;
		};
/* End PBXFrameworksBuildPhase section */

/* Begin PBXGroup section */
		78B820E629E22CEE00D3A6EE = {
			isa = PBXGroup;
			children = (
				78B820F129E22CEE00D3A6EE /* FadeInSample */,
				78B8212B29E2713A00D3A6EE /* FadeInSwiftUI */,
				78B820F029E22CEE00D3A6EE /* Products */,
			);
			sourceTree = "<group>";
		};
		78B820F029E22CEE00D3A6EE /* Products */ = {
			isa = PBXGroup;
			children = (
				78B820EF29E22CEE00D3A6EE /* FadeInSample.app */,
				78B8212A29E2713A00D3A6EE /* FadeInSwiftUI.app */,
			);
			name = Products;
			sourceTree = "<group>";
		};
		78B820F129E22CEE00D3A6EE /* FadeInSample */ = {
			isa = PBXGroup;
			children = (
				78B820F229E22CEE00D3A6EE /* AppDelegate.swift */,
				78B820F429E22CEE00D3A6EE /* SceneDelegate.swift */,
				78B820F629E22CEE00D3A6EE /* ViewController.swift */,
				78B8212229E22D1000D3A6EE /* FadedInViewController.swift */,
				78B8212429E22D3200D3A6EE /* FadedInView.swift */,
				78B820F829E22CEE00D3A6EE /* Main.storyboard */,
				78B820FB29E22CEF00D3A6EE /* Assets.xcassets */,
				78B820FD29E22CEF00D3A6EE /* LaunchScreen.storyboard */,
				78B8210029E22CEF00D3A6EE /* Info.plist */,
			);
			path = FadeInSample;
			sourceTree = "<group>";
		};
		78B8212B29E2713A00D3A6EE /* FadeInSwiftUI */ = {
			isa = PBXGroup;
			children = (
				78B8212C29E2713A00D3A6EE /* FadeInDemoApp.swift */,
				78B8212E29E2713A00D3A6EE /* ContentView.swift */,
				78B8215429E2720200D3A6EE /* ModalView.swift */,
				78B8213029E2713B00D3A6EE /* Assets.xcassets */,
				78B8213229E2713B00D3A6EE /* Preview Content */,
			);
			path = FadeInSwiftUI;
			sourceTree = "<group>";
		};
		78B8213229E2713B00D3A6EE /* Preview Content */ = {
			isa = PBXGroup;
			children = (
				78B8213329E2713B00D3A6EE /* Preview Assets.xcassets */,
			);
			path = "Preview Content";
			sourceTree = "<group>";
		};
/* End PBXGroup section */

/* Begin PBXNativeTarget section */
		78B820EE29E22CEE00D3A6EE /* FadeInSample */ = {
			isa = PBXNativeTarget;
			buildConfigurationList = 78B8211929E22CEF00D3A6EE /* Build configuration list for PBXNativeTarget "FadeInSample" */;
			buildPhases = (
				78B820EB29E22CEE00D3A6EE /* Sources */,
				78B820EC29E22CEE00D3A6EE /* Frameworks */,
				78B820ED29E22CEE00D3A6EE /* Resources */,
			);
			buildRules = (
			);
			dependencies = (
			);
			name = FadeInSample;
			productName = FadeInSample;
			productReference = 78B820EF29E22CEE00D3A6EE /* FadeInSample.app */;
			productType = "com.apple.product-type.application";
		};
		78B8212929E2713A00D3A6EE /* FadeInSwiftUI */ = {
			isa = PBXNativeTarget;
			buildConfigurationList = 78B8214B29E2713C00D3A6EE /* Build configuration list for PBXNativeTarget "FadeInSwiftUI" */;
			buildPhases = (
				78B8212629E2713A00D3A6EE /* Sources */,
				78B8212729E2713A00D3A6EE /* Frameworks */,
				78B8212829E2713A00D3A6EE /* Resources */,
			);
			buildRules = (
			);
			dependencies = (
			);
			name = FadeInSwiftUI;
			productName = FadeInDemo;
			productReference = 78B8212A29E2713A00D3A6EE /* FadeInSwiftUI.app */;
			productType = "com.apple.product-type.application";
		};
/* End PBXNativeTarget section */

/* Begin PBXProject section */
		78B820E729E22CEE00D3A6EE /* Project object */ = {
			isa = PBXProject;
			attributes = {
				BuildIndependentTargetsInParallel = 1;
				LastSwiftUpdateCheck = 1430;
				LastUpgradeCheck = 1430;
				TargetAttributes = {
					78B820EE29E22CEE00D3A6EE = {
						CreatedOnToolsVersion = 14.3;
					};
					78B8212929E2713A00D3A6EE = {
						CreatedOnToolsVersion = 14.3;
					};
				};
			};
			buildConfigurationList = 78B820EA29E22CEE00D3A6EE /* Build configuration list for PBXProject "FadeInSample" */;
			compatibilityVersion = "Xcode 14.0";
			developmentRegion = en;
			hasScannedForEncodings = 0;
			knownRegions = (
				en,
				Base,
			);
			mainGroup = 78B820E629E22CEE00D3A6EE;
			productRefGroup = 78B820F029E22CEE00D3A6EE /* Products */;
			projectDirPath = "";
			projectRoot = "";
			targets = (
				78B820EE29E22CEE00D3A6EE /* FadeInSample */,
				78B8212929E2713A00D3A6EE /* FadeInSwiftUI */,
			);
		};
/* End PBXProject section */

/* Begin PBXResourcesBuildPhase section */
		78B820ED29E22CEE00D3A6EE /* Resources */ = {
			isa = PBXResourcesBuildPhase;
			buildActionMask = 2147483647;
			files = (
				78B820FF29E22CEF00D3A6EE /* LaunchScreen.storyboard in Resources */,
				78B820FC29E22CEF00D3A6EE /* Assets.xcassets in Resources */,
				78B820FA29E22CEE00D3A6EE /* Main.storyboard in Resources */,
			);
			runOnlyForDeploymentPostprocessing = 0;
		};
		78B8212829E2713A00D3A6EE /* Resources */ = {
			isa = PBXResourcesBuildPhase;
			buildActionMask = 2147483647;
			files = (
				78B8213429E2713B00D3A6EE /* Preview Assets.xcassets in Resources */,
				78B8213129E2713B00D3A6EE /* Assets.xcassets in Resources */,
			);
			runOnlyForDeploymentPostprocessing = 0;
		};
/* End PBXResourcesBuildPhase section */

/* Begin PBXSourcesBuildPhase section */
		78B820EB29E22CEE00D3A6EE /* Sources */ = {
			isa = PBXSourcesBuildPhase;
			buildActionMask = 2147483647;
			files = (
				78B8212329E22D1000D3A6EE /* FadedInViewController.swift in Sources */,
				78B820F729E22CEE00D3A6EE /* ViewController.swift in Sources */,
				78B820F329E22CEE00D3A6EE /* AppDelegate.swift in Sources */,
				78B8212529E22D3200D3A6EE /* FadedInView.swift in Sources */,
				78B820F529E22CEE00D3A6EE /* SceneDelegate.swift in Sources */,
			);
			runOnlyForDeploymentPostprocessing = 0;
		};
		78B8212629E2713A00D3A6EE /* Sources */ = {
			isa = PBXSourcesBuildPhase;
			buildActionMask = 2147483647;
			files = (
				78B8215529E2720200D3A6EE /* ModalView.swift in Sources */,
				78B8212F29E2713A00D3A6EE /* ContentView.swift in Sources */,
				78B8212D29E2713A00D3A6EE /* FadeInDemoApp.swift in Sources */,
			);
			runOnlyForDeploymentPostprocessing = 0;
		};
/* End PBXSourcesBuildPhase section */

/* Begin PBXVariantGroup section */
		78B820F829E22CEE00D3A6EE /* Main.storyboard */ = {
			isa = PBXVariantGroup;
			children = (
				78B820F929E22CEE00D3A6EE /* Base */,
			);
			name = Main.storyboard;
			sourceTree = "<group>";
		};
		78B820FD29E22CEF00D3A6EE /* LaunchScreen.storyboard */ = {
			isa = PBXVariantGroup;
			children = (
				78B820FE29E22CEF00D3A6EE /* Base */,
			);
			name = LaunchScreen.storyboard;
			sourceTree = "<group>";
		};
/* End PBXVariantGroup section */

/* Begin XCBuildConfiguration section */
		78B8211729E22CEF00D3A6EE /* Debug */ = {
			isa = XCBuildConfiguration;
			buildSettings = {
				ALWAYS_SEARCH_USER_PATHS = NO;
				CLANG_ANALYZER_NONNULL = YES;
				CLANG_ANALYZER_NUMBER_OBJECT_CONVERSION = YES_AGGRESSIVE;
				CLANG_CXX_LANGUAGE_STANDARD = "gnu++20";
				CLANG_ENABLE_MODULES = YES;
				CLANG_ENABLE_OBJC_ARC = YES;
				CLANG_ENABLE_OBJC_WEAK = YES;
				CLANG_WARN_BLOCK_CAPTURE_AUTORELEASING = YES;
				CLANG_WARN_BOOL_CONVERSION = YES;
				CLANG_WARN_COMMA = YES;
				CLANG_WARN_CONSTANT_CONVERSION = YES;
				CLANG_WARN_DEPRECATED_OBJC_IMPLEMENTATIONS = YES;
				CLANG_WARN_DIRECT_OBJC_ISA_USAGE = YES_ERROR;
				CLANG_WARN_DOCUMENTATION_COMMENTS = YES;
				CLANG_WARN_EMPTY_BODY = YES;
				CLANG_WARN_ENUM_CONVERSION = YES;
				CLANG_WARN_INFINITE_RECURSION = YES;
				CLANG_WARN_INT_CONVERSION = YES;
				CLANG_WARN_NON_LITERAL_NULL_CONVERSION = YES;
				CLANG_WARN_OBJC_IMPLICIT_RETAIN_SELF = YES;
				CLANG_WARN_OBJC_LITERAL_CONVERSION = YES;
				CLANG_WARN_OBJC_ROOT_CLASS = YES_ERROR;
				CLANG_WARN_QUOTED_INCLUDE_IN_FRAMEWORK_HEADER = YES;
				CLANG_WARN_RANGE_LOOP_ANALYSIS = YES;
				CLANG_WARN_STRICT_PROTOTYPES = YES;
				CLANG_WARN_SUSPICIOUS_MOVE = YES;
				CLANG_WARN_UNGUARDED_AVAILABILITY = YES_AGGRESSIVE;
				CLANG_WARN_UNREACHABLE_CODE = YES;
				CLANG_WARN__DUPLICATE_METHOD_MATCH = YES;
				COPY_PHASE_STRIP = NO;
				DEBUG_INFORMATION_FORMAT = dwarf;
				ENABLE_STRICT_OBJC_MSGSEND = YES;
				ENABLE_TESTABILITY = YES;
				GCC_C_LANGUAGE_STANDARD = gnu11;
				GCC_DYNAMIC_NO_PIC = NO;
				GCC_NO_COMMON_BLOCKS = YES;
				GCC_OPTIMIZATION_LEVEL = 0;
				GCC_PREPROCESSOR_DEFINITIONS = (
					"DEBUG=1",
					"$(inherited)",
				);
				GCC_WARN_64_TO_32_BIT_CONVERSION = YES;
				GCC_WARN_ABOUT_RETURN_TYPE = YES_ERROR;
				GCC_WARN_UNDECLARED_SELECTOR = YES;
				GCC_WARN_UNINITIALIZED_AUTOS = YES_AGGRESSIVE;
				GCC_WARN_UNUSED_FUNCTION = YES;
				GCC_WARN_UNUSED_VARIABLE = YES;
				IPHONEOS_DEPLOYMENT_TARGET = 16.4;
				MTL_ENABLE_DEBUG_INFO = INCLUDE_SOURCE;
				MTL_FAST_MATH = YES;
				ONLY_ACTIVE_ARCH = YES;
				SDKROOT = iphoneos;
				SWIFT_ACTIVE_COMPILATION_CONDITIONS = DEBUG;
				SWIFT_OPTIMIZATION_LEVEL = "-Onone";
			};
			name = Debug;
		};
		78B8211829E22CEF00D3A6EE /* Release */ = {
			isa = XCBuildConfiguration;
			buildSettings = {
				ALWAYS_SEARCH_USER_PATHS = NO;
				CLANG_ANALYZER_NONNULL = YES;
				CLANG_ANALYZER_NUMBER_OBJECT_CONVERSION = YES_AGGRESSIVE;
				CLANG_CXX_LANGUAGE_STANDARD = "gnu++20";
				CLANG_ENABLE_MODULES = YES;
				CLANG_ENABLE_OBJC_ARC = YES;
				CLANG_ENABLE_OBJC_WEAK = YES;
				CLANG_WARN_BLOCK_CAPTURE_AUTORELEASING = YES;
				CLANG_WARN_BOOL_CONVERSION = YES;
				CLANG_WARN_COMMA = YES;
				CLANG_WARN_CONSTANT_CONVERSION = YES;
				CLANG_WARN_DEPRECATED_OBJC_IMPLEMENTATIONS = YES;
				CLANG_WARN_DIRECT_OBJC_ISA_USAGE = YES_ERROR;
				CLANG_WARN_DOCUMENTATION_COMMENTS = YES;
				CLANG_WARN_EMPTY_BODY = YES;
				CLANG_WARN_ENUM_CONVERSION = YES;
				CLANG_WARN_INFINITE_RECURSION = YES;
				CLANG_WARN_INT_CONVERSION = YES;
				CLANG_WARN_NON_LITERAL_NULL_CONVERSION = YES;
				CLANG_WARN_OBJC_IMPLICIT_RETAIN_SELF = YES;
				CLANG_WARN_OBJC_LITERAL_CONVERSION = YES;
				CLANG_WARN_OBJC_ROOT_CLASS = YES_ERROR;
				CLANG_WARN_QUOTED_INCLUDE_IN_FRAMEWORK_HEADER = YES;
				CLANG_WARN_RANGE_LOOP_ANALYSIS = YES;
				CLANG_WARN_STRICT_PROTOTYPES = YES;
				CLANG_WARN_SUSPICIOUS_MOVE = YES;
				CLANG_WARN_UNGUARDED_AVAILABILITY = YES_AGGRESSIVE;
				CLANG_WARN_UNREACHABLE_CODE = YES;
				CLANG_WARN__DUPLICATE_METHOD_MATCH = YES;
				COPY_PHASE_STRIP = NO;
				DEBUG_INFORMATION_FORMAT = "dwarf-with-dsym";
				ENABLE_NS_ASSERTIONS = NO;
				ENABLE_STRICT_OBJC_MSGSEND = YES;
				GCC_C_LANGUAGE_STANDARD = gnu11;
				GCC_NO_COMMON_BLOCKS = YES;
				GCC_WARN_64_TO_32_BIT_CONVERSION = YES;
				GCC_WARN_ABOUT_RETURN_TYPE = YES_ERROR;
				GCC_WARN_UNDECLARED_SELECTOR = YES;
				GCC_WARN_UNINITIALIZED_AUTOS = YES_AGGRESSIVE;
				GCC_WARN_UNUSED_FUNCTION = YES;
				GCC_WARN_UNUSED_VARIABLE = YES;
				IPHONEOS_DEPLOYMENT_TARGET = 16.4;
				MTL_ENABLE_DEBUG_INFO = NO;
				MTL_FAST_MATH = YES;
				SDKROOT = iphoneos;
				SWIFT_COMPILATION_MODE = wholemodule;
				SWIFT_OPTIMIZATION_LEVEL = "-O";
				VALIDATE_PRODUCT = YES;
			};
			name = Release;
		};
		78B8211A29E22CEF00D3A6EE /* Debug */ = {
			isa = XCBuildConfiguration;
			buildSettings = {
				ASSETCATALOG_COMPILER_APPICON_NAME = AppIcon;
				ASSETCATALOG_COMPILER_GLOBAL_ACCENT_COLOR_NAME = AccentColor;
				CODE_SIGN_STYLE = Automatic;
				CURRENT_PROJECT_VERSION = 1;
				DEVELOPMENT_TEAM = WKB9M744MQ;
				GENERATE_INFOPLIST_FILE = YES;
				INFOPLIST_FILE = FadeInSample/Info.plist;
				INFOPLIST_KEY_UIApplicationSupportsIndirectInputEvents = YES;
				INFOPLIST_KEY_UILaunchStoryboardName = LaunchScreen;
				INFOPLIST_KEY_UIMainStoryboardFile = Main;
				INFOPLIST_KEY_UISupportedInterfaceOrientations_iPad = "UIInterfaceOrientationPortrait UIInterfaceOrientationPortraitUpsideDown UIInterfaceOrientationLandscapeLeft UIInterfaceOrientationLandscapeRight";
				INFOPLIST_KEY_UISupportedInterfaceOrientations_iPhone = "UIInterfaceOrientationPortrait UIInterfaceOrientationLandscapeLeft UIInterfaceOrientationLandscapeRight";
				LD_RUNPATH_SEARCH_PATHS = (
					"$(inherited)",
					"@executable_path/Frameworks",
				);
				MARKETING_VERSION = 1.0;
				PRODUCT_BUNDLE_IDENTIFIER = com.joysmithfoundation.community.FadeInSample;
				PRODUCT_NAME = "$(TARGET_NAME)";
				SWIFT_EMIT_LOC_STRINGS = YES;
				SWIFT_VERSION = 5.0;
				TARGETED_DEVICE_FAMILY = "1,2";
			};
			name = Debug;
		};
		78B8211B29E22CEF00D3A6EE /* Release */ = {
			isa = XCBuildConfiguration;
			buildSettings = {
				ASSETCATALOG_COMPILER_APPICON_NAME = AppIcon;
				ASSETCATALOG_COMPILER_GLOBAL_ACCENT_COLOR_NAME = AccentColor;
				CODE_SIGN_STYLE = Automatic;
				CURRENT_PROJECT_VERSION = 1;
				DEVELOPMENT_TEAM = WKB9M744MQ;
				GENERATE_INFOPLIST_FILE = YES;
				INFOPLIST_FILE = FadeInSample/Info.plist;
				INFOPLIST_KEY_UIApplicationSupportsIndirectInputEvents = YES;
				INFOPLIST_KEY_UILaunchStoryboardName = LaunchScreen;
				INFOPLIST_KEY_UIMainStoryboardFile = Main;
				INFOPLIST_KEY_UISupportedInterfaceOrientations_iPad = "UIInterfaceOrientationPortrait UIInterfaceOrientationPortraitUpsideDown UIInterfaceOrientationLandscapeLeft UIInterfaceOrientationLandscapeRight";
				INFOPLIST_KEY_UISupportedInterfaceOrientations_iPhone = "UIInterfaceOrientationPortrait UIInterfaceOrientationLandscapeLeft UIInterfaceOrientationLandscapeRight";
				LD_RUNPATH_SEARCH_PATHS = (
					"$(inherited)",
					"@executable_path/Frameworks",
				);
				MARKETING_VERSION = 1.0;
				PRODUCT_BUNDLE_IDENTIFIER = com.joysmithfoundation.community.FadeInSample;
				PRODUCT_NAME = "$(TARGET_NAME)";
				SWIFT_EMIT_LOC_STRINGS = YES;
				SWIFT_VERSION = 5.0;
				TARGETED_DEVICE_FAMILY = "1,2";
			};
			name = Release;
		};
		78B8214C29E2713C00D3A6EE /* Debug */ = {
			isa = XCBuildConfiguration;
			buildSettings = {
				ASSETCATALOG_COMPILER_APPICON_NAME = AppIcon;
				ASSETCATALOG_COMPILER_GLOBAL_ACCENT_COLOR_NAME = AccentColor;
				CODE_SIGN_STYLE = Automatic;
				CURRENT_PROJECT_VERSION = 1;
				DEVELOPMENT_ASSET_PATHS = "\"FadeInSwiftUI/Preview Content\"";
				DEVELOPMENT_TEAM = WKB9M744MQ;
				ENABLE_PREVIEWS = YES;
				GENERATE_INFOPLIST_FILE = YES;
				INFOPLIST_KEY_UIApplicationSceneManifest_Generation = YES;
				INFOPLIST_KEY_UIApplicationSupportsIndirectInputEvents = YES;
				INFOPLIST_KEY_UILaunchScreen_Generation = YES;
				INFOPLIST_KEY_UISupportedInterfaceOrientations_iPad = "UIInterfaceOrientationPortrait UIInterfaceOrientationPortraitUpsideDown UIInterfaceOrientationLandscapeLeft UIInterfaceOrientationLandscapeRight";
				INFOPLIST_KEY_UISupportedInterfaceOrientations_iPhone = "UIInterfaceOrientationPortrait UIInterfaceOrientationLandscapeLeft UIInterfaceOrientationLandscapeRight";
				LD_RUNPATH_SEARCH_PATHS = (
					"$(inherited)",
					"@executable_path/Frameworks",
				);
				MARKETING_VERSION = 1.0;
				PRODUCT_BUNDLE_IDENTIFIER = life.encoded.FadeInDemo;
				PRODUCT_NAME = "$(TARGET_NAME)";
				SWIFT_EMIT_LOC_STRINGS = YES;
				SWIFT_VERSION = 5.0;
				TARGETED_DEVICE_FAMILY = "1,2";
			};
			name = Debug;
		};
		78B8214D29E2713C00D3A6EE /* Release */ = {
			isa = XCBuildConfiguration;
			buildSettings = {
				ASSETCATALOG_COMPILER_APPICON_NAME = AppIcon;
				ASSETCATALOG_COMPILER_GLOBAL_ACCENT_COLOR_NAME = AccentColor;
				CODE_SIGN_STYLE = Automatic;
				CURRENT_PROJECT_VERSION = 1;
				DEVELOPMENT_ASSET_PATHS = "\"FadeInSwiftUI/Preview Content\"";
				DEVELOPMENT_TEAM = WKB9M744MQ;
				ENABLE_PREVIEWS = YES;
				GENERATE_INFOPLIST_FILE = YES;
				INFOPLIST_KEY_UIApplicationSceneManifest_Generation = YES;
				INFOPLIST_KEY_UIApplicationSupportsIndirectInputEvents = YES;
				INFOPLIST_KEY_UILaunchScreen_Generation = YES;
				INFOPLIST_KEY_UISupportedInterfaceOrientations_iPad = "UIInterfaceOrientationPortrait UIInterfaceOrientationPortraitUpsideDown UIInterfaceOrientationLandscapeLeft UIInterfaceOrientationLandscapeRight";
				INFOPLIST_KEY_UISupportedInterfaceOrientations_iPhone = "UIInterfaceOrientationPortrait UIInterfaceOrientationLandscapeLeft UIInterfaceOrientationLandscapeRight";
				LD_RUNPATH_SEARCH_PATHS = (
					"$(inherited)",
					"@executable_path/Frameworks",
				);
				MARKETING_VERSION = 1.0;
				PRODUCT_BUNDLE_IDENTIFIER = life.encoded.FadeInDemo;
				PRODUCT_NAME = "$(TARGET_NAME)";
				SWIFT_EMIT_LOC_STRINGS = YES;
				SWIFT_VERSION = 5.0;
				TARGETED_DEVICE_FAMILY = "1,2";
			};
			name = Release;
		};
/* End XCBuildConfiguration section */

/* Begin XCConfigurationList section */
		78B820EA29E22CEE00D3A6EE /* Build configuration list for PBXProject "FadeInSample" */ = {
			isa = XCConfigurationList;
			buildConfigurations = (
				78B8211729E22CEF00D3A6EE /* Debug */,
				78B8211829E22CEF00D3A6EE /* Release */,
			);
			defaultConfigurationIsVisible = 0;
			defaultConfigurationName = Release;
		};
		78B8211929E22CEF00D3A6EE /* Build configuration list for PBXNativeTarget "FadeInSample" */ = {
			isa = XCConfigurationList;
			buildConfigurations = (
				78B8211A29E22CEF00D3A6EE /* Debug */,
				78B8211B29E22CEF00D3A6EE /* Release */,
			);
			defaultConfigurationIsVisible = 0;
			defaultConfigurationName = Release;
		};
		78B8214B29E2713C00D3A6EE /* Build configuration list for PBXNativeTarget "FadeInSwiftUI" */ = {
			isa = XCConfigurationList;
			buildConfigurations = (
				78B8214C29E2713C00D3A6EE /* Debug */,
				78B8214D29E2713C00D3A6EE /* Release */,
			);
			defaultConfigurationIsVisible = 0;
			defaultConfigurationName = Release;
		};
/* End XCConfigurationList section */
	};
	rootObject = 78B820E729E22CEE00D3A6EE /* Project object */;
}
